
Microsoft Visual Studio Solution File, Format Version 12.00
# Visual Studio Version 17
VisualStudioVersion = 17.10.35013.160
MinimumVisualStudioVersion = 10.0.40219.1
Project("{FAE04EC0-301F-11D3-BF4B-00C04F79EFBC}") = "MediatrSample", "MediatrSample\MediatrSample.csproj", "{9C439B76-4192-4CAF-8F67-4FD35960775A}"
EndProject
Global
	GlobalSection(SolutionConfigurationPlatforms) = preSolution
		Debug|Any CPU = Debug|Any CPU
		Release|Any CPU = Release|Any CPU
	EndGlobalSection
	GlobalSection(ProjectConfigurationPlatforms) = postSolution
		{9C439B76-4192-4CAF-8F67-4FD35960775A}.Debug|Any CPU.ActiveCfg = Debug|Any CPU
		{9C439B76-4192-4CAF-8F67-4FD35960775A}.Debug|Any CPU.Build.0 = Debug|Any CPU
		{9C439B76-4192-4CAF-8F67-4FD35960775A}.Release|Any CPU.ActiveCfg = Release|Any CPU
		{9C439B76-4192-4CAF-8F67-4FD35960775A}.Release|Any CPU.Build.0 = Release|Any CPU
	EndGlobalSection
	GlobalSection(SolutionProperties) = preSolution
		HideSolutionNode = FALSE
	EndGlobalSection
	GlobalSection(ExtensibilityGlobals) = postSolution
		SolutionGuid = {1C51C16F-B837-4197-A7F3-5ACFB899CEEE}
	EndGlobalSection
EndGlobal
